
Microsoft Visual Studio Solution File, Format Version 12.00
# Visual Studio Version 17
VisualStudioVersion = 17.8.34330.188
MinimumVisualStudioVersion = 10.0.40219.1
Project("{9A19103F-16F7-4668-BE54-9A1E7A4F7556}") = "StoreLibrary", "StoreLibrary\StoreLibrary.csproj", "{4CCD7ABB-8B33-4001-9929-23B256AB42D1}"
EndProject
Project("{9A19103F-16F7-4668-BE54-9A1E7A4F7556}") = "StoreWebApi", "StoreWebApi\StoreWebApi.csproj", "{75FCB26D-73A9-46C5-8F73-DB7BC5263593}"
EndProject
Project("{9A19103F-16F7-4668-BE54-9A1E7A4F7556}") = "BeautyStore", "BeautyStore\BeautyStore.csproj", "{6F749C4C-A3CE-47FC-83CD-0EFDFF21A022}"
EndProject
Global
	GlobalSection(SolutionConfigurationPlatforms) = preSolution
		Debug|Any CPU = Debug|Any CPU
		Release|Any CPU = Release|Any CPU
	EndGlobalSection
	GlobalSection(ProjectConfigurationPlatforms) = postSolution
		{4CCD7ABB-8B33-4001-9929-23B256AB42D1}.Debug|Any CPU.ActiveCfg = Debug|Any CPU
		{4CCD7ABB-8B33-4001-9929-23B256AB42D1}.Debug|Any CPU.Build.0 = Debug|Any CPU
		{4CCD7ABB-8B33-4001-9929-23B256AB42D1}.Release|Any CPU.ActiveCfg = Release|Any CPU
		{4CCD7ABB-8B33-4001-9929-23B256AB42D1}.Release|Any CPU.Build.0 = Release|Any CPU
		{75FCB26D-73A9-46C5-8F73-DB7BC5263593}.Debug|Any CPU.ActiveCfg = Debug|Any CPU
		{75FCB26D-73A9-46C5-8F73-DB7BC5263593}.Debug|Any CPU.Build.0 = Debug|Any CPU
		{75FCB26D-73A9-46C5-8F73-DB7BC5263593}.Release|Any CPU.ActiveCfg = Release|Any CPU
		{75FCB26D-73A9-46C5-8F73-DB7BC5263593}.Release|Any CPU.Build.0 = Release|Any CPU
		{6F749C4C-A3CE-47FC-83CD-0EFDFF21A022}.Debug|Any CPU.ActiveCfg = Debug|Any CPU
		{6F749C4C-A3CE-47FC-83CD-0EFDFF21A022}.Debug|Any CPU.Build.0 = Debug|Any CPU
		{6F749C4C-A3CE-47FC-83CD-0EFDFF21A022}.Release|Any CPU.ActiveCfg = Release|Any CPU
		{6F749C4C-A3CE-47FC-83CD-0EFDFF21A022}.Release|Any CPU.Build.0 = Release|Any CPU
	EndGlobalSection
	GlobalSection(SolutionProperties) = preSolution
		HideSolutionNode = FALSE
	EndGlobalSection
	GlobalSection(ExtensibilityGlobals) = postSolution
		SolutionGuid = {2B6D14F6-17F4-4A4F-9128-85ADAE2589A7}
	EndGlobalSection
EndGlobal
